// !$*UTF8*$!
{
	archiveVersion = 1;
	classes = {
	};
	objectVersion = 55;
	objects = {

/* Begin PBXBuildFile section */
		9F4F2CB727587A2900D3E587 /* SSVerticalSegmentsSlider in Frameworks */ = {isa = PBXBuildFile; productRef = 9F4F2CB627587A2900D3E587 /* SSVerticalSegmentsSlider */; };
		9F4F2CBA2758BFD200D3E587 /* SSSegmentInScrollView.swift in Sources */ = {isa = PBXBuildFile; fileRef = 9F4F2CB82758BFD200D3E587 /* SSSegmentInScrollView.swift */; };
		9F4F2CBB2758BFD200D3E587 /* SSSegmentInTableView.swift in Sources */ = {isa = PBXBuildFile; fileRef = 9F4F2CB92758BFD200D3E587 /* SSSegmentInTableView.swift */; };
		9F92A7682757AC1E000A4539 /* SSVerticalSegmentsSliderExamplesApp.swift in Sources */ = {isa = PBXBuildFile; fileRef = 9F92A7672757AC1E000A4539 /* SSVerticalSegmentsSliderExamplesApp.swift */; };
		9F92A76A2757AC1E000A4539 /* SSSegmentContentViews.swift in Sources */ = {isa = PBXBuildFile; fileRef = 9F92A7692757AC1E000A4539 /* SSSegmentContentViews.swift */; };
		9F92A76C2757AC21000A4539 /* Assets.xcassets in Resources */ = {isa = PBXBuildFile; fileRef = 9F92A76B2757AC21000A4539 /* Assets.xcassets */; };
		9F92A76F2757AC21000A4539 /* Preview Assets.xcassets in Resources */ = {isa = PBXBuildFile; fileRef = 9F92A76E2757AC21000A4539 /* Preview Assets.xcassets */; };
		9F92A7792757AC21000A4539 /* SSVerticalSegmentsSliderExamplesTests.swift in Sources */ = {isa = PBXBuildFile; fileRef = 9F92A7782757AC21000A4539 /* SSVerticalSegmentsSliderExamplesTests.swift */; };
		9F92A7832757AC21000A4539 /* SSVerticalSegmentsSliderExamplesUITests.swift in Sources */ = {isa = PBXBuildFile; fileRef = 9F92A7822757AC21000A4539 /* SSVerticalSegmentsSliderExamplesUITests.swift */; };
		9F92A7852757AC21000A4539 /* SSVerticalSegmentsSliderExamplesUITestsLaunchTests.swift in Sources */ = {isa = PBXBuildFile; fileRef = 9F92A7842757AC21000A4539 /* SSVerticalSegmentsSliderExamplesUITestsLaunchTests.swift */; };
/* End PBXBuildFile section */

/* Begin PBXContainerItemProxy section */
		9F92A7752757AC21000A4539 /* PBXContainerItemProxy */ = {
			isa = PBXContainerItemProxy;
			containerPortal = 9F92A75C2757AC1E000A4539 /* Project object */;
			proxyType = 1;
			remoteGlobalIDString = 9F92A7632757AC1E000A4539;
			remoteInfo = SSVerticalSegmentsSliderExamples;
		};
		9F92A77F2757AC21000A4539 /* PBXContainerItemProxy */ = {
			isa = PBXContainerItemProxy;
			containerPortal = 9F92A75C2757AC1E000A4539 /* Project object */;
			proxyType = 1;
			remoteGlobalIDString = 9F92A7632757AC1E000A4539;
			remoteInfo = SSVerticalSegmentsSliderExamples;
		};
/* End PBXContainerItemProxy section */

/* Begin PBXFileReference section */
		9F4F2CB427587A1F00D3E587 /* SSVerticalSegmentsSlider */ = {isa = PBXFileReference; lastKnownFileType = folder; name = SSVerticalSegmentsSlider; path = ..; sourceTree = "<group>"; };
		9F4F2CB82758BFD200D3E587 /* SSSegmentInScrollView.swift */ = {isa = PBXFileReference; fileEncoding = 4; lastKnownFileType = sourcecode.swift; path = SSSegmentInScrollView.swift; sourceTree = "<group>"; };
		9F4F2CB92758BFD200D3E587 /* SSSegmentInTableView.swift */ = {isa = PBXFileReference; fileEncoding = 4; lastKnownFileType = sourcecode.swift; path = SSSegmentInTableView.swift; sourceTree = "<group>"; };
		9F92A7642757AC1E000A4539 /* SSVerticalSegmentsSliderExamples.app */ = {isa = PBXFileReference; explicitFileType = wrapper.application; includeInIndex = 0; path = SSVerticalSegmentsSliderExamples.app; sourceTree = BUILT_PRODUCTS_DIR; };
		9F92A7672757AC1E000A4539 /* SSVerticalSegmentsSliderExamplesApp.swift */ = {isa = PBXFileReference; lastKnownFileType = sourcecode.swift; path = SSVerticalSegmentsSliderExamplesApp.swift; sourceTree = "<group>"; };
		9F92A7692757AC1E000A4539 /* SSSegmentContentViews.swift */ = {isa = PBXFileReference; lastKnownFileType = sourcecode.swift; path = SSSegmentContentViews.swift; sourceTree = "<group>"; };
		9F92A76B2757AC21000A4539 /* Assets.xcassets */ = {isa = PBXFileReference; lastKnownFileType = folder.assetcatalog; path = Assets.xcassets; sourceTree = "<group>"; };
		9F92A76E2757AC21000A4539 /* Preview Assets.xcassets */ = {isa = PBXFileReference; lastKnownFileType = folder.assetcatalog; path = "Preview Assets.xcassets"; sourceTree = "<group>"; };
		9F92A7742757AC21000A4539 /* SSVerticalSegmentsSliderExamplesTests.xctest */ = {isa = PBXFileReference; explicitFileType = wrapper.cfbundle; includeInIndex = 0; path = SSVerticalSegmentsSliderExamplesTests.xctest; sourceTree = BUILT_PRODUCTS_DIR; };
		9F92A7782757AC21000A4539 /* SSVerticalSegmentsSliderExamplesTests.swift */ = {isa = PBXFileReference; lastKnownFileType = sourcecode.swift; path = SSVerticalSegmentsSliderExamplesTests.swift; sourceTree = "<group>"; };
		9F92A77E2757AC21000A4539 /* SSVerticalSegmentsSliderExamplesUITests.xctest */ = {isa = PBXFileReference; explicitFileType = wrapper.cfbundle; includeInIndex = 0; path = SSVerticalSegmentsSliderExamplesUITests.xctest; sourceTree = BUILT_PRODUCTS_DIR; };
		9F92A7822757AC21000A4539 /* SSVerticalSegmentsSliderExamplesUITests.swift */ = {isa = PBXFileReference; lastKnownFileType = sourcecode.swift; path = SSVerticalSegmentsSliderExamplesUITests.swift; sourceTree = "<group>"; };
		9F92A7842757AC21000A4539 /* SSVerticalSegmentsSliderExamplesUITestsLaunchTests.swift */ = {isa = PBXFileReference; lastKnownFileType = sourcecode.swift; path = SSVerticalSegmentsSliderExamplesUITestsLaunchTests.swift; sourceTree = "<group>"; };
/* End PBXFileReference section */

/* Begin PBXFrameworksBuildPhase section */
		9F92A7612757AC1E000A4539 /* Frameworks */ = {
			isa = PBXFrameworksBuildPhase;
			buildActionMask = 2147483647;
			files = (
				9F4F2CB727587A2900D3E587 /* SSVerticalSegmentsSlider in Frameworks */,
			);
			runOnlyForDeploymentPostprocessing = 0;
		};
		9F92A7712757AC21000A4539 /* Frameworks */ = {
			isa = PBXFrameworksBuildPhase;
			buildActionMask = 2147483647;
			files = (
			);
			runOnlyForDeploymentPostprocessing = 0;
		};
		9F92A77B2757AC21000A4539 /* Frameworks */ = {
			isa = PBXFrameworksBuildPhase;
			buildActionMask = 2147483647;
			files = (
			);
			runOnlyForDeploymentPostprocessing = 0;
		};
/* End PBXFrameworksBuildPhase section */

/* Begin PBXGroup section */
		9F4F2CB327587A1F00D3E587 /* Packages */ = {
			isa = PBXGroup;
			children = (
				9F4F2CB427587A1F00D3E587 /* SSVerticalSegmentsSlider */,
			);
			name = Packages;
			sourceTree = "<group>";
		};
		9F4F2CB527587A2900D3E587 /* Frameworks */ = {
			isa = PBXGroup;
			children = (
			);
			name = Frameworks;
			sourceTree = "<group>";
		};
		9F92A75B2757AC1E000A4539 = {
			isa = PBXGroup;
			children = (
				9F4F2CB327587A1F00D3E587 /* Packages */,
				9F92A7662757AC1E000A4539 /* SSVerticalSegmentsSliderExamples */,
				9F92A7772757AC21000A4539 /* SSVerticalSegmentsSliderExamplesTests */,
				9F92A7812757AC21000A4539 /* SSVerticalSegmentsSliderExamplesUITests */,
				9F92A7652757AC1E000A4539 /* Products */,
				9F4F2CB527587A2900D3E587 /* Frameworks */,
			);
			sourceTree = "<group>";
		};
		9F92A7652757AC1E000A4539 /* Products */ = {
			isa = PBXGroup;
			children = (
				9F92A7642757AC1E000A4539 /* SSVerticalSegmentsSliderExamples.app */,
				9F92A7742757AC21000A4539 /* SSVerticalSegmentsSliderExamplesTests.xctest */,
				9F92A77E2757AC21000A4539 /* SSVerticalSegmentsSliderExamplesUITests.xctest */,
			);
			name = Products;
			sourceTree = "<group>";
		};
		9F92A7662757AC1E000A4539 /* SSVerticalSegmentsSliderExamples */ = {
			isa = PBXGroup;
			children = (
				9F92A7672757AC1E000A4539 /* SSVerticalSegmentsSliderExamplesApp.swift */,
				9F92A7692757AC1E000A4539 /* SSSegmentContentViews.swift */,
				9F4F2CB82758BFD200D3E587 /* SSSegmentInScrollView.swift */,
				9F4F2CB92758BFD200D3E587 /* SSSegmentInTableView.swift */,
				9F92A76B2757AC21000A4539 /* Assets.xcassets */,
				9F92A76D2757AC21000A4539 /* Preview Content */,
			);
			path = SSVerticalSegmentsSliderExamples;
			sourceTree = "<group>";
		};
		9F92A76D2757AC21000A4539 /* Preview Content */ = {
			isa = PBXGroup;
			children = (
				9F92A76E2757AC21000A4539 /* Preview Assets.xcassets */,
			);
			path = "Preview Content";
			sourceTree = "<group>";
		};
		9F92A7772757AC21000A4539 /* SSVerticalSegmentsSliderExamplesTests */ = {
			isa = PBXGroup;
			children = (
				9F92A7782757AC21000A4539 /* SSVerticalSegmentsSliderExamplesTests.swift */,
			);
			path = SSVerticalSegmentsSliderExamplesTests;
			sourceTree = "<group>";
		};
		9F92A7812757AC21000A4539 /* SSVerticalSegmentsSliderExamplesUITests */ = {
			isa = PBXGroup;
			children = (
				9F92A7822757AC21000A4539 /* SSVerticalSegmentsSliderExamplesUITests.swift */,
				9F92A7842757AC21000A4539 /* SSVerticalSegmentsSliderExamplesUITestsLaunchTests.swift */,
			);
			path = SSVerticalSegmentsSliderExamplesUITests;
			sourceTree = "<group>";
		};
/* End PBXGroup section */

/* Begin PBXNativeTarget section */
		9F92A7632757AC1E000A4539 /* SSVerticalSegmentsSliderExamples */ = {
			isa = PBXNativeTarget;
			buildConfigurationList = 9F92A7882757AC21000A4539 /* Build configuration list for PBXNativeTarget "SSVerticalSegmentsSliderExamples" */;
			buildPhases = (
				9F92A7602757AC1E000A4539 /* Sources */,
				9F92A7612757AC1E000A4539 /* Frameworks */,
				9F92A7622757AC1E000A4539 /* Resources */,
			);
			buildRules = (
			);
			dependencies = (
			);
			name = SSVerticalSegmentsSliderExamples;
			packageProductDependencies = (
				9F4F2CB627587A2900D3E587 /* SSVerticalSegmentsSlider */,
			);
			productName = SSVerticalSegmentsSliderExamples;
			productReference = 9F92A7642757AC1E000A4539 /* SSVerticalSegmentsSliderExamples.app */;
			productType = "com.apple.product-type.application";
		};
		9F92A7732757AC21000A4539 /* SSVerticalSegmentsSliderExamplesTests */ = {
			isa = PBXNativeTarget;
			buildConfigurationList = 9F92A78B2757AC21000A4539 /* Build configuration list for PBXNativeTarget "SSVerticalSegmentsSliderExamplesTests" */;
			buildPhases = (
				9F92A7702757AC21000A4539 /* Sources */,
				9F92A7712757AC21000A4539 /* Frameworks */,
				9F92A7722757AC21000A4539 /* Resources */,
			);
			buildRules = (
			);
			dependencies = (
				9F92A7762757AC21000A4539 /* PBXTargetDependency */,
			);
			name = SSVerticalSegmentsSliderExamplesTests;
			productName = SSVerticalSegmentsSliderExamplesTests;
			productReference = 9F92A7742757AC21000A4539 /* SSVerticalSegmentsSliderExamplesTests.xctest */;
			productType = "com.apple.product-type.bundle.unit-test";
		};
		9F92A77D2757AC21000A4539 /* SSVerticalSegmentsSliderExamplesUITests */ = {
			isa = PBXNativeTarget;
			buildConfigurationList = 9F92A78E2757AC21000A4539 /* Build configuration list for PBXNativeTarget "SSVerticalSegmentsSliderExamplesUITests" */;
			buildPhases = (
				9F92A77A2757AC21000A4539 /* Sources */,
				9F92A77B2757AC21000A4539 /* Frameworks */,
				9F92A77C2757AC21000A4539 /* Resources */,
			);
			buildRules = (
			);
			dependencies = (
				9F92A7802757AC21000A4539 /* PBXTargetDependency */,
			);
			name = SSVerticalSegmentsSliderExamplesUITests;
			productName = SSVerticalSegmentsSliderExamplesUITests;
			productReference = 9F92A77E2757AC21000A4539 /* SSVerticalSegmentsSliderExamplesUITests.xctest */;
			productType = "com.apple.product-type.bundle.ui-testing";
		};
/* End PBXNativeTarget section */

/* Begin PBXProject section */
		9F92A75C2757AC1E000A4539 /* Project object */ = {
			isa = PBXProject;
			attributes = {
				BuildIndependentTargetsInParallel = 1;
				LastSwiftUpdateCheck = 1300;
				LastUpgradeCheck = 1300;
				TargetAttributes = {
					9F92A7632757AC1E000A4539 = {
						CreatedOnToolsVersion = 13.0;
					};
					9F92A7732757AC21000A4539 = {
						CreatedOnToolsVersion = 13.0;
						TestTargetID = 9F92A7632757AC1E000A4539;
					};
					9F92A77D2757AC21000A4539 = {
						CreatedOnToolsVersion = 13.0;
						TestTargetID = 9F92A7632757AC1E000A4539;
					};
				};
			};
			buildConfigurationList = 9F92A75F2757AC1E000A4539 /* Build configuration list for PBXProject "SSVerticalSegmentsSliderExamples" */;
			compatibilityVersion = "Xcode 13.0";
			developmentRegion = en;
			hasScannedForEncodings = 0;
			knownRegions = (
				en,
				Base,
			);
			mainGroup = 9F92A75B2757AC1E000A4539;
			productRefGroup = 9F92A7652757AC1E000A4539 /* Products */;
			projectDirPath = "";
			projectRoot = "";
			targets = (
				9F92A7632757AC1E000A4539 /* SSVerticalSegmentsSliderExamples */,
				9F92A7732757AC21000A4539 /* SSVerticalSegmentsSliderExamplesTests */,
				9F92A77D2757AC21000A4539 /* SSVerticalSegmentsSliderExamplesUITests */,
			);
		};
/* End PBXProject section */

/* Begin PBXResourcesBuildPhase section */
		9F92A7622757AC1E000A4539 /* Resources */ = {
			isa = PBXResourcesBuildPhase;
			buildActionMask = 2147483647;
			files = (
				9F92A76F2757AC21000A4539 /* Preview Assets.xcassets in Resources */,
				9F92A76C2757AC21000A4539 /* Assets.xcassets in Resources */,
			);
			runOnlyForDeploymentPostprocessing = 0;
		};
		9F92A7722757AC21000A4539 /* Resources */ = {
			isa = PBXResourcesBuildPhase;
			buildActionMask = 2147483647;
			files = (
			);
			runOnlyForDeploymentPostprocessing = 0;
		};
		9F92A77C2757AC21000A4539 /* Resources */ = {
			isa = PBXResourcesBuildPhase;
			buildActionMask = 2147483647;
			files = (
			);
			runOnlyForDeploymentPostprocessing = 0;
		};
/* End PBXResourcesBuildPhase section */

/* Begin PBXSourcesBuildPhase section */
		9F92A7602757AC1E000A4539 /* Sources */ = {
			isa = PBXSourcesBuildPhase;
			buildActionMask = 2147483647;
			files = (
				9F4F2CBB2758BFD200D3E587 /* SSSegmentInTableView.swift in Sources */,
				9F92A76A2757AC1E000A4539 /* SSSegmentContentViews.swift in Sources */,
				9F4F2CBA2758BFD200D3E587 /* SSSegmentInScrollView.swift in Sources */,
				9F92A7682757AC1E000A4539 /* SSVerticalSegmentsSliderExamplesApp.swift in Sources */,
			);
			runOnlyForDeploymentPostprocessing = 0;
		};
		9F92A7702757AC21000A4539 /* Sources */ = {
			isa = PBXSourcesBuildPhase;
			buildActionMask = 2147483647;
			files = (
				9F92A7792757AC21000A4539 /* SSVerticalSegmentsSliderExamplesTests.swift in Sources */,
			);
			runOnlyForDeploymentPostprocessing = 0;
		};
		9F92A77A2757AC21000A4539 /* Sources */ = {
			isa = PBXSourcesBuildPhase;
			buildActionMask = 2147483647;
			files = (
				9F92A7852757AC21000A4539 /* SSVerticalSegmentsSliderExamplesUITestsLaunchTests.swift in Sources */,
				9F92A7832757AC21000A4539 /* SSVerticalSegmentsSliderExamplesUITests.swift in Sources */,
			);
			runOnlyForDeploymentPostprocessing = 0;
		};
/* End PBXSourcesBuildPhase section */

/* Begin PBXTargetDependency section */
		9F92A7762757AC21000A4539 /* PBXTargetDependency */ = {
			isa = PBXTargetDependency;
			target = 9F92A7632757AC1E000A4539 /* SSVerticalSegmentsSliderExamples */;
			targetProxy = 9F92A7752757AC21000A4539 /* PBXContainerItemProxy */;
		};
		9F92A7802757AC21000A4539 /* PBXTargetDependency */ = {
			isa = PBXTargetDependency;
			target = 9F92A7632757AC1E000A4539 /* SSVerticalSegmentsSliderExamples */;
			targetProxy = 9F92A77F2757AC21000A4539 /* PBXContainerItemProxy */;
		};
/* End PBXTargetDependency section */

/* Begin XCBuildConfiguration section */
		9F92A7862757AC21000A4539 /* Debug */ = {
			isa = XCBuildConfiguration;
			buildSettings = {
				ALWAYS_SEARCH_USER_PATHS = NO;
				CLANG_ANALYZER_NONNULL = YES;
				CLANG_ANALYZER_NUMBER_OBJECT_CONVERSION = YES_AGGRESSIVE;
				CLANG_CXX_LANGUAGE_STANDARD = "gnu++17";
				CLANG_CXX_LIBRARY = "libc++";
				CLANG_ENABLE_MODULES = YES;
				CLANG_ENABLE_OBJC_ARC = YES;
				CLANG_ENABLE_OBJC_WEAK = YES;
				CLANG_WARN_BLOCK_CAPTURE_AUTORELEASING = YES;
				CLANG_WARN_BOOL_CONVERSION = YES;
				CLANG_WARN_COMMA = YES;
				CLANG_WARN_CONSTANT_CONVERSION = YES;
				CLANG_WARN_DEPRECATED_OBJC_IMPLEMENTATIONS = YES;
				CLANG_WARN_DIRECT_OBJC_ISA_USAGE = YES_ERROR;
				CLANG_WARN_DOCUMENTATION_COMMENTS = YES;
				CLANG_WARN_EMPTY_BODY = YES;
				CLANG_WARN_ENUM_CONVERSION = YES;
				CLANG_WARN_INFINITE_RECURSION = YES;
				CLANG_WARN_INT_CONVERSION = YES;
				CLANG_WARN_NON_LITERAL_NULL_CONVERSION = YES;
				CLANG_WARN_OBJC_IMPLICIT_RETAIN_SELF = YES;
				CLANG_WARN_OBJC_LITERAL_CONVERSION = YES;
				CLANG_WARN_OBJC_ROOT_CLASS = YES_ERROR;
				CLANG_WARN_QUOTED_INCLUDE_IN_FRAMEWORK_HEADER = YES;
				CLANG_WARN_RANGE_LOOP_ANALYSIS = YES;
				CLANG_WARN_STRICT_PROTOTYPES = YES;
				CLANG_WARN_SUSPICIOUS_MOVE = YES;
				CLANG_WARN_UNGUARDED_AVAILABILITY = YES_AGGRESSIVE;
				CLANG_WARN_UNREACHABLE_CODE = YES;
				CLANG_WARN__DUPLICATE_METHOD_MATCH = YES;
				COPY_PHASE_STRIP = NO;
				DEBUG_INFORMATION_FORMAT = dwarf;
				ENABLE_STRICT_OBJC_MSGSEND = YES;
				ENABLE_TESTABILITY = YES;
				GCC_C_LANGUAGE_STANDARD = gnu11;
				GCC_DYNAMIC_NO_PIC = NO;
				GCC_NO_COMMON_BLOCKS = YES;
				GCC_OPTIMIZATION_LEVEL = 0;
				GCC_PREPROCESSOR_DEFINITIONS = (
					"DEBUG=1",
					"$(inherited)",
				);
				GCC_WARN_64_TO_32_BIT_CONVERSION = YES;
				GCC_WARN_ABOUT_RETURN_TYPE = YES_ERROR;
				GCC_WARN_UNDECLARED_SELECTOR = YES;
				GCC_WARN_UNINITIALIZED_AUTOS = YES_AGGRESSIVE;
				GCC_WARN_UNUSED_FUNCTION = YES;
				GCC_WARN_UNUSED_VARIABLE = YES;
				IPHONEOS_DEPLOYMENT_TARGET = 15.0;
				MTL_ENABLE_DEBUG_INFO = INCLUDE_SOURCE;
				MTL_FAST_MATH = YES;
				ONLY_ACTIVE_ARCH = YES;
				SDKROOT = iphoneos;
				SWIFT_ACTIVE_COMPILATION_CONDITIONS = DEBUG;
				SWIFT_OPTIMIZATION_LEVEL = "-Onone";
			};
			name = Debug;
		};
		9F92A7872757AC21000A4539 /* Release */ = {
			isa = XCBuildConfiguration;
			buildSettings = {
				ALWAYS_SEARCH_USER_PATHS = NO;
				CLANG_ANALYZER_NONNULL = YES;
				CLANG_ANALYZER_NUMBER_OBJECT_CONVERSION = YES_AGGRESSIVE;
				CLANG_CXX_LANGUAGE_STANDARD = "gnu++17";
				CLANG_CXX_LIBRARY = "libc++";
				CLANG_ENABLE_MODULES = YES;
				CLANG_ENABLE_OBJC_ARC = YES;
				CLANG_ENABLE_OBJC_WEAK = YES;
				CLANG_WARN_BLOCK_CAPTURE_AUTORELEASING = YES;
				CLANG_WARN_BOOL_CONVERSION = YES;
				CLANG_WARN_COMMA = YES;
				CLANG_WARN_CONSTANT_CONVERSION = YES;
				CLANG_WARN_DEPRECATED_OBJC_IMPLEMENTATIONS = YES;
				CLANG_WARN_DIRECT_OBJC_ISA_USAGE = YES_ERROR;
				CLANG_WARN_DOCUMENTATION_COMMENTS = YES;
				CLANG_WARN_EMPTY_BODY = YES;
				CLANG_WARN_ENUM_CONVERSION = YES;
				CLANG_WARN_INFINITE_RECURSION = YES;
				CLANG_WARN_INT_CONVERSION = YES;
				CLANG_WARN_NON_LITERAL_NULL_CONVERSION = YES;
				CLANG_WARN_OBJC_IMPLICIT_RETAIN_SELF = YES;
				CLANG_WARN_OBJC_LITERAL_CONVERSION = YES;
				CLANG_WARN_OBJC_ROOT_CLASS = YES_ERROR;
				CLANG_WARN_QUOTED_INCLUDE_IN_FRAMEWORK_HEADER = YES;
				CLANG_WARN_RANGE_LOOP_ANALYSIS = YES;
				CLANG_WARN_STRICT_PROTOTYPES = YES;
				CLANG_WARN_SUSPICIOUS_MOVE = YES;
				CLANG_WARN_UNGUARDED_AVAILABILITY = YES_AGGRESSIVE;
				CLANG_WARN_UNREACHABLE_CODE = YES;
				CLANG_WARN__DUPLICATE_METHOD_MATCH = YES;
				COPY_PHASE_STRIP = NO;
				DEBUG_INFORMATION_FORMAT = "dwarf-with-dsym";
				ENABLE_NS_ASSERTIONS = NO;
				ENABLE_STRICT_OBJC_MSGSEND = YES;
				GCC_C_LANGUAGE_STANDARD = gnu11;
				GCC_NO_COMMON_BLOCKS = YES;
				GCC_WARN_64_TO_32_BIT_CONVERSION = YES;
				GCC_WARN_ABOUT_RETURN_TYPE = YES_ERROR;
				GCC_WARN_UNDECLARED_SELECTOR = YES;
				GCC_WARN_UNINITIALIZED_AUTOS = YES_AGGRESSIVE;
				GCC_WARN_UNUSED_FUNCTION = YES;
				GCC_WARN_UNUSED_VARIABLE = YES;
				IPHONEOS_DEPLOYMENT_TARGET = 15.0;
				MTL_ENABLE_DEBUG_INFO = NO;
				MTL_FAST_MATH = YES;
				SDKROOT = iphoneos;
				SWIFT_COMPILATION_MODE = wholemodule;
				SWIFT_OPTIMIZATION_LEVEL = "-O";
				VALIDATE_PRODUCT = YES;
			};
			name = Release;
		};
		9F92A7892757AC21000A4539 /* Debug */ = {
			isa = XCBuildConfiguration;
			buildSettings = {
				ASSETCATALOG_COMPILER_APPICON_NAME = AppIcon;
				ASSETCATALOG_COMPILER_GLOBAL_ACCENT_COLOR_NAME = AccentColor;
				CODE_SIGN_STYLE = Automatic;
				CURRENT_PROJECT_VERSION = 1;
				DEVELOPMENT_ASSET_PATHS = "\"SSVerticalSegmentsSliderExamples/Preview Content\"";
				DEVELOPMENT_TEAM = T5Y544FW66;
				ENABLE_PREVIEWS = YES;
				GENERATE_INFOPLIST_FILE = YES;
				INFOPLIST_KEY_UIApplicationSceneManifest_Generation = YES;
				INFOPLIST_KEY_UIApplicationSupportsIndirectInputEvents = YES;
				INFOPLIST_KEY_UILaunchScreen_Generation = YES;
				INFOPLIST_KEY_UISupportedInterfaceOrientations_iPad = "UIInterfaceOrientationPortrait UIInterfaceOrientationPortraitUpsideDown UIInterfaceOrientationLandscapeLeft UIInterfaceOrientationLandscapeRight";
				INFOPLIST_KEY_UISupportedInterfaceOrientations_iPhone = "UIInterfaceOrientationPortrait UIInterfaceOrientationLandscapeLeft UIInterfaceOrientationLandscapeRight";
				IPHONEOS_DEPLOYMENT_TARGET = 14.0;
				LD_RUNPATH_SEARCH_PATHS = (
					"$(inherited)",
					"@executable_path/Frameworks",
				);
				MARKETING_VERSION = 1.0;
				PRODUCT_BUNDLE_IDENTIFIER = com.genericapp.smartsense.SSVerticalSegmentsSliderExamples;
				PRODUCT_NAME = "$(TARGET_NAME)";
				SWIFT_EMIT_LOC_STRINGS = YES;
				SWIFT_VERSION = 5.0;
				TARGETED_DEVICE_FAMILY = "1,2";
			};
			name = Debug;
		};
		9F92A78A2757AC21000A4539 /* Release */ = {
			isa = XCBuildConfiguration;
			buildSettings = {
				ASSETCATALOG_COMPILER_APPICON_NAME = AppIcon;
				ASSETCATALOG_COMPILER_GLOBAL_ACCENT_COLOR_NAME = AccentColor;
				CODE_SIGN_STYLE = Automatic;
				CURRENT_PROJECT_VERSION = 1;
				DEVELOPMENT_ASSET_PATHS = "\"SSVerticalSegmentsSliderExamples/Preview Content\"";
				DEVELOPMENT_TEAM = T5Y544FW66;
				ENABLE_PREVIEWS = YES;
				GENERATE_INFOPLIST_FILE = YES;
				INFOPLIST_KEY_UIApplicationSceneManifest_Generation = YES;
				INFOPLIST_KEY_UIApplicationSupportsIndirectInputEvents = YES;
				INFOPLIST_KEY_UILaunchScreen_Generation = YES;
				INFOPLIST_KEY_UISupportedInterfaceOrientations_iPad = "UIInterfaceOrientationPortrait UIInterfaceOrientationPortraitUpsideDown UIInterfaceOrientationLandscapeLeft UIInterfaceOrientationLandscapeRight";
				INFOPLIST_KEY_UISupportedInterfaceOrientations_iPhone = "UIInterfaceOrientationPortrait UIInterfaceOrientationLandscapeLeft UIInterfaceOrientationLandscapeRight";
				IPHONEOS_DEPLOYMENT_TARGET = 14.0;
				LD_RUNPATH_SEARCH_PATHS = (
					"$(inherited)",
					"@executable_path/Frameworks",
				);
				MARKETING_VERSION = 1.0;
				PRODUCT_BUNDLE_IDENTIFIER = com.genericapp.smartsense.SSVerticalSegmentsSliderExamples;
				PRODUCT_NAME = "$(TARGET_NAME)";
				SWIFT_EMIT_LOC_STRINGS = YES;
				SWIFT_VERSION = 5.0;
				TARGETED_DEVICE_FAMILY = "1,2";
			};
			name = Release;
		};
		9F92A78C2757AC21000A4539 /* Debug */ = {
			isa = XCBuildConfiguration;
			buildSettings = {
				ALWAYS_EMBED_SWIFT_STANDARD_LIBRARIES = YES;
				BUNDLE_LOADER = "$(TEST_HOST)";
				CODE_SIGN_STYLE = Automatic;
				CURRENT_PROJECT_VERSION = 1;
				DEVELOPMENT_TEAM = T5Y544FW66;
				GENERATE_INFOPLIST_FILE = YES;
				IPHONEOS_DEPLOYMENT_TARGET = 14.0;
				LD_RUNPATH_SEARCH_PATHS = (
					"$(inherited)",
					"@executable_path/Frameworks",
					"@loader_path/Frameworks",
				);
				MARKETING_VERSION = 1.0;
				PRODUCT_BUNDLE_IDENTIFIER = com.genericapp.smartsense.SSVerticalSegmentsSliderExamplesTests;
				PRODUCT_NAME = "$(TARGET_NAME)";
				SWIFT_EMIT_LOC_STRINGS = NO;
				SWIFT_VERSION = 5.0;
				TARGETED_DEVICE_FAMILY = "1,2";
				TEST_HOST = "$(BUILT_PRODUCTS_DIR)/SSVerticalSegmentsSliderExamples.app/SSVerticalSegmentsSliderExamples";
			};
			name = Debug;
		};
		9F92A78D2757AC21000A4539 /* Release */ = {
			isa = XCBuildConfiguration;
			buildSettings = {
				ALWAYS_EMBED_SWIFT_STANDARD_LIBRARIES = YES;
				BUNDLE_LOADER = "$(TEST_HOST)";
				CODE_SIGN_STYLE = Automatic;
				CURRENT_PROJECT_VERSION = 1;
				DEVELOPMENT_TEAM = T5Y544FW66;
				GENERATE_INFOPLIST_FILE = YES;
				IPHONEOS_DEPLOYMENT_TARGET = 14.0;
				LD_RUNPATH_SEARCH_PATHS = (
					"$(inherited)",
					"@executable_path/Frameworks",
					"@loader_path/Frameworks",
				);
				MARKETING_VERSION = 1.0;
				PRODUCT_BUNDLE_IDENTIFIER = com.genericapp.smartsense.SSVerticalSegmentsSliderExamplesTests;
				PRODUCT_NAME = "$(TARGET_NAME)";
				SWIFT_EMIT_LOC_STRINGS = NO;
				SWIFT_VERSION = 5.0;
				TARGETED_DEVICE_FAMILY = "1,2";
				TEST_HOST = "$(BUILT_PRODUCTS_DIR)/SSVerticalSegmentsSliderExamples.app/SSVerticalSegmentsSliderExamples";
			};
			name = Release;
		};
		9F92A78F2757AC21000A4539 /* Debug */ = {
			isa = XCBuildConfiguration;
			buildSettings = {
				ALWAYS_EMBED_SWIFT_STANDARD_LIBRARIES = YES;
				CODE_SIGN_STYLE = Automatic;
				CURRENT_PROJECT_VERSION = 1;
				DEVELOPMENT_TEAM = T5Y544FW66;
				GENERATE_INFOPLIST_FILE = YES;
				LD_RUNPATH_SEARCH_PATHS = (
					"$(inherited)",
					"@executable_path/Frameworks",
					"@loader_path/Frameworks",
				);
				MARKETING_VERSION = 1.0;
				PRODUCT_BUNDLE_IDENTIFIER = com.genericapp.smartsense.SSVerticalSegmentsSliderExamplesUITests;
				PRODUCT_NAME = "$(TARGET_NAME)";
				SWIFT_EMIT_LOC_STRINGS = NO;
				SWIFT_VERSION = 5.0;
				TARGETED_DEVICE_FAMILY = "1,2";
				TEST_TARGET_NAME = SSVerticalSegmentsSliderExamples;
			};
			name = Debug;
		};
		9F92A7902757AC21000A4539 /* Release */ = {
			isa = XCBuildConfiguration;
			buildSettings = {
				ALWAYS_EMBED_SWIFT_STANDARD_LIBRARIES = YES;
				CODE_SIGN_STYLE = Automatic;
				CURRENT_PROJECT_VERSION = 1;
				DEVELOPMENT_TEAM = T5Y544FW66;
				GENERATE_INFOPLIST_FILE = YES;
				LD_RUNPATH_SEARCH_PATHS = (
					"$(inherited)",
					"@executable_path/Frameworks",
					"@loader_path/Frameworks",
				);
				MARKETING_VERSION = 1.0;
				PRODUCT_BUNDLE_IDENTIFIER = com.genericapp.smartsense.SSVerticalSegmentsSliderExamplesUITests;
				PRODUCT_NAME = "$(TARGET_NAME)";
				SWIFT_EMIT_LOC_STRINGS = NO;
				SWIFT_VERSION = 5.0;
				TARGETED_DEVICE_FAMILY = "1,2";
				TEST_TARGET_NAME = SSVerticalSegmentsSliderExamples;
			};
			name = Release;
		};
/* End XCBuildConfiguration section */

/* Begin XCConfigurationList section */
		9F92A75F2757AC1E000A4539 /* Build configuration list for PBXProject "SSVerticalSegmentsSliderExamples" */ = {
			isa = XCConfigurationList;
			buildConfigurations = (
				9F92A7862757AC21000A4539 /* Debug */,
				9F92A7872757AC21000A4539 /* Release */,
			);
			defaultConfigurationIsVisible = 0;
			defaultConfigurationName = Release;
		};
		9F92A7882757AC21000A4539 /* Build configuration list for PBXNativeTarget "SSVerticalSegmentsSliderExamples" */ = {
			isa = XCConfigurationList;
			buildConfigurations = (
				9F92A7892757AC21000A4539 /* Debug */,
				9F92A78A2757AC21000A4539 /* Release */,
			);
			defaultConfigurationIsVisible = 0;
			defaultConfigurationName = Release;
		};
		9F92A78B2757AC21000A4539 /* Build configuration list for PBXNativeTarget "SSVerticalSegmentsSliderExamplesTests" */ = {
			isa = XCConfigurationList;
			buildConfigurations = (
				9F92A78C2757AC21000A4539 /* Debug */,
				9F92A78D2757AC21000A4539 /* Release */,
			);
			defaultConfigurationIsVisible = 0;
			defaultConfigurationName = Release;
		};
		9F92A78E2757AC21000A4539 /* Build configuration list for PBXNativeTarget "SSVerticalSegmentsSliderExamplesUITests" */ = {
			isa = XCConfigurationList;
			buildConfigurations = (
				9F92A78F2757AC21000A4539 /* Debug */,
				9F92A7902757AC21000A4539 /* Release */,
			);
			defaultConfigurationIsVisible = 0;
			defaultConfigurationName = Release;
		};
/* End XCConfigurationList section */

/* Begin XCSwiftPackageProductDependency section */
		9F4F2CB627587A2900D3E587 /* SSVerticalSegmentsSlider */ = {
			isa = XCSwiftPackageProductDependency;
			productName = SSVerticalSegmentsSlider;
		};
/* End XCSwiftPackageProductDependency section */
	};
	rootObject = 9F92A75C2757AC1E000A4539 /* Project object */;
}
